
Microsoft Visual Studio Solution File, Format Version 12.00
# Visual Studio 2013
VisualStudioVersion = 12.0.31101.0
MinimumVisualStudioVersion = 10.0.40219.1
Project("{FAE04EC0-301F-11D3-BF4B-00C04F79EFBC}") = "ArcurveInternshipChallengeOriginal", "ArcurveInternshipChallenge\ArcurveInternshipChallengeOriginal.csproj", "{E227A11C-5217-440A-AE42-278B36D5A5A5}"
EndProject
Project("{FAE04EC0-301F-11D3-BF4B-00C04F79EFBC}") = "DateSpan", "DateSpan\DateSpan.csproj", "{100A0F9B-A36F-40F8-83F3-B3946ECA5C4C}"
EndProject
Project("{FAE04EC0-301F-11D3-BF4B-00C04F79EFBC}") = "ArcurveInternshipChallengeNew", "ArcurveInternshipChallengeNew\ArcurveInternshipChallengeNew.csproj", "{41ADBC18-DD0B-480F-B637-CFA91FC6AC2F}"
EndProject
Project("{FAE04EC0-301F-11D3-BF4B-00C04F79EFBC}") = "ArcurveInternshipChallengeNew.UnitTests", "ArcurveInternshipChallengeNew.UnitTests\ArcurveInternshipChallengeNew.UnitTests.csproj", "{20036180-A243-4CE0-AC43-9F06E490C5B2}"
EndProject
Project("{FAE04EC0-301F-11D3-BF4B-00C04F79EFBC}") = "ArcurveInternshipChallengeOriginal.UnitTests", "ArcurveInternshipChallenge.UnitTests\ArcurveInternshipChallengeOriginal.UnitTests.csproj", "{E3694010-7565-475C-8985-A55BE3EC64E2}"
EndProject
Global
	GlobalSection(SolutionConfigurationPlatforms) = preSolution
		Debug|Any CPU = Debug|Any CPU
		Release|Any CPU = Release|Any CPU
	EndGlobalSection
	GlobalSection(ProjectConfigurationPlatforms) = postSolution
		{E227A11C-5217-440A-AE42-278B36D5A5A5}.Debug|Any CPU.ActiveCfg = Debug|Any CPU
		{E227A11C-5217-440A-AE42-278B36D5A5A5}.Debug|Any CPU.Build.0 = Debug|Any CPU
		{E227A11C-5217-440A-AE42-278B36D5A5A5}.Release|Any CPU.ActiveCfg = Release|Any CPU
		{E227A11C-5217-440A-AE42-278B36D5A5A5}.Release|Any CPU.Build.0 = Release|Any CPU
		{100A0F9B-A36F-40F8-83F3-B3946ECA5C4C}.Debug|Any CPU.ActiveCfg = Debug|Any CPU
		{100A0F9B-A36F-40F8-83F3-B3946ECA5C4C}.Debug|Any CPU.Build.0 = Debug|Any CPU
		{100A0F9B-A36F-40F8-83F3-B3946ECA5C4C}.Release|Any CPU.ActiveCfg = Release|Any CPU
		{100A0F9B-A36F-40F8-83F3-B3946ECA5C4C}.Release|Any CPU.Build.0 = Release|Any CPU
		{41ADBC18-DD0B-480F-B637-CFA91FC6AC2F}.Debug|Any CPU.ActiveCfg = Debug|Any CPU
		{41ADBC18-DD0B-480F-B637-CFA91FC6AC2F}.Debug|Any CPU.Build.0 = Debug|Any CPU
		{41ADBC18-DD0B-480F-B637-CFA91FC6AC2F}.Release|Any CPU.ActiveCfg = Release|Any CPU
		{41ADBC18-DD0B-480F-B637-CFA91FC6AC2F}.Release|Any CPU.Build.0 = Release|Any CPU
		{20036180-A243-4CE0-AC43-9F06E490C5B2}.Debug|Any CPU.ActiveCfg = Debug|Any CPU
		{20036180-A243-4CE0-AC43-9F06E490C5B2}.Debug|Any CPU.Build.0 = Debug|Any CPU
		{20036180-A243-4CE0-AC43-9F06E490C5B2}.Release|Any CPU.ActiveCfg = Release|Any CPU
		{20036180-A243-4CE0-AC43-9F06E490C5B2}.Release|Any CPU.Build.0 = Release|Any CPU
		{E3694010-7565-475C-8985-A55BE3EC64E2}.Debug|Any CPU.ActiveCfg = Debug|Any CPU
		{E3694010-7565-475C-8985-A55BE3EC64E2}.Debug|Any CPU.Build.0 = Debug|Any CPU
		{E3694010-7565-475C-8985-A55BE3EC64E2}.Release|Any CPU.ActiveCfg = Release|Any CPU
		{E3694010-7565-475C-8985-A55BE3EC64E2}.Release|Any CPU.Build.0 = Release|Any CPU
	EndGlobalSection
	GlobalSection(SolutionProperties) = preSolution
		HideSolutionNode = FALSE
	EndGlobalSection
EndGlobal
